Microsoft Visual Studio Solution File, Format Version 12.00
# Visual Studio 15
VisualStudioVersion = 15.0.28010.2048
MinimumVisualStudioVersion = 10.0.40219.1
Project("{FAE04EC0-301F-11D3-BF4B-00C04F79EFBC}") = "FauxLocalizationResourceGenerator", "FauxLocalizationResourceGenerator.csproj", "{C56A4EFF-9AEA-41E6-A72A-7F3A9F61D639}"
EndProject
Global
	GlobalSection(SolutionConfigurationPlatforms) = preSolution
		Debug|Any CPU = Debug|Any CPU
		Release|Any CPU = Release|Any CPU
	EndGlobalSection
	GlobalSection(ProjectConfigurationPlatforms) = postSolution
		{C56A4EFF-9AEA-41E6-A72A-7F3A9F61D639}.Debug|Any CPU.ActiveCfg = Debug|Any CPU
		{C56A4EFF-9AEA-41E6-A72A-7F3A9F61D639}.Debug|Any CPU.Build.0 = Debug|Any CPU
		{C56A4EFF-9AEA-41E6-A72A-7F3A9F61D639}.Release|Any CPU.ActiveCfg = Release|Any CPU
		{C56A4EFF-9AEA-41E6-A72A-7F3A9F61D639}.Release|Any CPU.Build.0 = Release|Any CPU
	EndGlobalSection
	GlobalSection(SolutionProperties) = preSolution
		HideSolutionNode = FALSE
	EndGlobalSection
	GlobalSection(ExtensibilityGlobals) = postSolution
		SolutionGuid = {853A05B5-82D3-4CFA-A57C-8A8762EEFB12}
	EndGlobalSection
EndGlobal
