
Microsoft Visual Studio Solution File, Format Version 12.00
# Visual Studio 15
VisualStudioVersion = 15.0.28010.2048
MinimumVisualStudioVersion = 10.0.40219.1
Project("{FAE04EC0-301F-11D3-BF4B-00C04F79EFBC}") = "SetupCustomCultures", "SetupCustomCultures.csproj", "{DA489BE6-CA8F-4640-AB0C-66694A5DD607}"
EndProject
Global
	GlobalSection(SolutionConfigurationPlatforms) = preSolution
		Debug|Any CPU = Debug|Any CPU
		Release|Any CPU = Release|Any CPU
	EndGlobalSection
	GlobalSection(ProjectConfigurationPlatforms) = postSolution
		{DA489BE6-CA8F-4640-AB0C-66694A5DD607}.Debug|Any CPU.ActiveCfg = Debug|Any CPU
		{DA489BE6-CA8F-4640-AB0C-66694A5DD607}.Debug|Any CPU.Build.0 = Debug|Any CPU
		{DA489BE6-CA8F-4640-AB0C-66694A5DD607}.Release|Any CPU.ActiveCfg = Release|Any CPU
		{DA489BE6-CA8F-4640-AB0C-66694A5DD607}.Release|Any CPU.Build.0 = Release|Any CPU
	EndGlobalSection
	GlobalSection(SolutionProperties) = preSolution
		HideSolutionNode = FALSE
	EndGlobalSection
	GlobalSection(ExtensibilityGlobals) = postSolution
		SolutionGuid = {E5038F39-FBB4-49D6-9AB7-1A22B840E3B9}
	EndGlobalSection
EndGlobal
