
Microsoft Visual Studio Solution File, Format Version 12.00
# Visual Studio 15
VisualStudioVersion = 15.0.28010.2048
MinimumVisualStudioVersion = 10.0.40219.1
Project("{FAE04EC0-301F-11D3-BF4B-00C04F79EFBC}") = "BlogRunner.Core", "BlogRunner.Core\BlogRunner.Core.csproj", "{1F76020F-DBB5-4F43-B530-C85EF9461A61}"
EndProject
Project("{FAE04EC0-301F-11D3-BF4B-00C04F79EFBC}") = "BlogRunner", "BlogRunner\BlogRunner.csproj", "{57644357-B52B-4C64-ACEA-89E7831EF479}"
EndProject
Project("{FAE04EC0-301F-11D3-BF4B-00C04F79EFBC}") = "BlogRunnerGui", "BlogRunnerGui\BlogRunnerGui.csproj", "{2CDA86AA-4264-4175-8A6C-E6AB436255C8}"
EndProject
Project("{FAE04EC0-301F-11D3-BF4B-00C04F79EFBC}") = "BlogRunnerReporter", "BlogRunnerReporter\BlogRunnerReporter.csproj", "{8A81012A-1661-46D5-8712-52BB48C2C27C}"
EndProject
Global
	GlobalSection(SolutionConfigurationPlatforms) = preSolution
		Debug|Any CPU = Debug|Any CPU
		Release|Any CPU = Release|Any CPU
	EndGlobalSection
	GlobalSection(ProjectConfigurationPlatforms) = postSolution
		{1F76020F-DBB5-4F43-B530-C85EF9461A61}.Debug|Any CPU.ActiveCfg = Debug|Any CPU
		{1F76020F-DBB5-4F43-B530-C85EF9461A61}.Debug|Any CPU.Build.0 = Debug|Any CPU
		{1F76020F-DBB5-4F43-B530-C85EF9461A61}.Release|Any CPU.ActiveCfg = Release|Any CPU
		{1F76020F-DBB5-4F43-B530-C85EF9461A61}.Release|Any CPU.Build.0 = Release|Any CPU
		{57644357-B52B-4C64-ACEA-89E7831EF479}.Debug|Any CPU.ActiveCfg = Debug|Any CPU
		{57644357-B52B-4C64-ACEA-89E7831EF479}.Debug|Any CPU.Build.0 = Debug|Any CPU
		{57644357-B52B-4C64-ACEA-89E7831EF479}.Release|Any CPU.ActiveCfg = Release|Any CPU
		{57644357-B52B-4C64-ACEA-89E7831EF479}.Release|Any CPU.Build.0 = Release|Any CPU
		{2CDA86AA-4264-4175-8A6C-E6AB436255C8}.Debug|Any CPU.ActiveCfg = Debug|Any CPU
		{2CDA86AA-4264-4175-8A6C-E6AB436255C8}.Debug|Any CPU.Build.0 = Debug|Any CPU
		{2CDA86AA-4264-4175-8A6C-E6AB436255C8}.Release|Any CPU.ActiveCfg = Release|Any CPU
		{2CDA86AA-4264-4175-8A6C-E6AB436255C8}.Release|Any CPU.Build.0 = Release|Any CPU
		{8A81012A-1661-46D5-8712-52BB48C2C27C}.Debug|Any CPU.ActiveCfg = Debug|Any CPU
		{8A81012A-1661-46D5-8712-52BB48C2C27C}.Debug|Any CPU.Build.0 = Debug|Any CPU
		{8A81012A-1661-46D5-8712-52BB48C2C27C}.Release|Any CPU.ActiveCfg = Release|Any CPU
		{8A81012A-1661-46D5-8712-52BB48C2C27C}.Release|Any CPU.Build.0 = Release|Any CPU
	EndGlobalSection
	GlobalSection(SolutionProperties) = preSolution
		HideSolutionNode = FALSE
	EndGlobalSection
	GlobalSection(ExtensibilityGlobals) = postSolution
		SolutionGuid = {336B01DD-464D-43AC-A2B6-C07D1B1A9349}
	EndGlobalSection
EndGlobal
